
Microsoft Visual Studio Solution File, Format Version 12.00
# Visual Studio Version 16
VisualStudioVersion = 16.0.31729.503
MinimumVisualStudioVersion = 10.0.40219.1
Project("{FAE04EC0-301F-11D3-BF4B-00C04F79EFBC}") = "BatchRename", "BatchRename\BatchRename.csproj", "{760963F1-C659-47DB-B8DD-B213B06A0DB5}"
EndProject
Global
	GlobalSection(SolutionConfigurationPlatforms) = preSolution
		Debug|Any CPU = Debug|Any CPU
		Release|Any CPU = Release|Any CPU
	EndGlobalSection
	GlobalSection(ProjectConfigurationPlatforms) = postSolution
		{760963F1-C659-47DB-B8DD-B213B06A0DB5}.Debug|Any CPU.ActiveCfg = Debug|Any CPU
		{760963F1-C659-47DB-B8DD-B213B06A0DB5}.Debug|Any CPU.Build.0 = Debug|Any CPU
		{760963F1-C659-47DB-B8DD-B213B06A0DB5}.Release|Any CPU.ActiveCfg = Release|Any CPU
		{760963F1-C659-47DB-B8DD-B213B06A0DB5}.Release|Any CPU.Build.0 = Release|Any CPU
	EndGlobalSection
	GlobalSection(SolutionProperties) = preSolution
		HideSolutionNode = FALSE
	EndGlobalSection
	GlobalSection(ExtensibilityGlobals) = postSolution
		SolutionGuid = {8F51D74F-06AF-4A4E-9DC1-98F91A77C1F4}
	EndGlobalSection
EndGlobal
